
Microsoft Visual Studio Solution File, Format Version 12.00
# Visual Studio Version 17
VisualStudioVersion = 17.8.34330.188
MinimumVisualStudioVersion = 10.0.40219.1
Project("{9A19103F-16F7-4668-BE54-9A1E7A4F7556}") = "CustomExtracts", "CustomExtracts.csproj", "{DCB15501-5A2B-4103-8159-EBD64A6B724A}"
EndProject
Global
	GlobalSection(SolutionConfigurationPlatforms) = preSolution
		Debug|Any CPU = Debug|Any CPU
		Release|Any CPU = Release|Any CPU
	EndGlobalSection
	GlobalSection(ProjectConfigurationPlatforms) = postSolution
		{DCB15501-5A2B-4103-8159-EBD64A6B724A}.Debug|Any CPU.ActiveCfg = Debug|Any CPU
		{DCB15501-5A2B-4103-8159-EBD64A6B724A}.Debug|Any CPU.Build.0 = Debug|Any CPU
		{DCB15501-5A2B-4103-8159-EBD64A6B724A}.Release|Any CPU.ActiveCfg = Release|Any CPU
		{DCB15501-5A2B-4103-8159-EBD64A6B724A}.Release|Any CPU.Build.0 = Release|Any CPU
	EndGlobalSection
	GlobalSection(SolutionProperties) = preSolution
		HideSolutionNode = FALSE
	EndGlobalSection
	GlobalSection(ExtensibilityGlobals) = postSolution
		SolutionGuid = {9F01DAF9-E9E7-46B0-B964-7F431D4D2FC0}
	EndGlobalSection
EndGlobal
